{
    "requires": true,
    "lockfileVersion": 1,
    "dependencies": {
        "@uirouter/core": {
            "version": "6.0.7",
            "resolved": "https://registry.nlark.com/@uirouter/core/download/@uirouter/core-6.0.7.tgz",
            "integrity": "sha1-pmdD3OsTpW2JCEdP+JHWPl1aKwE="
        },
        "angular": {
            "version": "1.8.2",
            "resolved": "https://registry.npm.taobao.org/angular/download/angular-1.8.2.tgz",
            "integrity": "sha1-WYO7tan6Y+ITy3dJGZ4NNS3jovE="
        },
        "angular-ui-router": {
            "version": "1.0.29",
            "resolved": "https://registry.npm.taobao.org/angular-ui-router/download/angular-ui-router-1.0.29.tgz",
            "integrity": "sha1-IKt2CWYT32DT4/sOFerqJkxh34c=",
            "requires": {
                "@uirouter/core": "6.0.7"
            }
        },
        "insert-css": {
            "version": "0.0.0",
            "resolved": "https://registry.npm.taobao.org/insert-css/download/insert-css-0.0.0.tgz",
            "integrity": "sha1-IwS/pviTq+y4/5yo2cdgXZTPKRE="
        },
        "jquery": {
            "version": "3.6.0",
            "resolved": "https://registry.npm.taobao.org/jquery/download/jquery-3.6.0.tgz",
            "integrity": "sha1-xyoJ8Vwb3OFC9J2/EXC9+K2sJHA="
        },
        "normalize-css": {
            "version": "2.3.1",
            "resolved": "https://registry.nlark.com/normalize-css/download/normalize-css-2.3.1.tgz",
            "integrity": "sha1-/APjuR46Uap6GDa657K2rG1R4VY=",
            "requires": {
                "insert-css": "0.0.0"
            }
        }
    }
}
